hash: c7274ebd448eb0356c907b27e8aa041409838de5de429941ca0f96c1ddc6509e
updated: 2018-04-09T10:07:38.467284983-05:00
imports:
- name: github.com/armon/go-radix
  version: 1fca145dffbcaa8fe914309b1ec0cfc67500fe61
- name: github.com/bgentry/speakeasy
  version: 4aabc24848ce5fd31929f7d1e4ea74d3709c14cd
- name: github.com/docker/distribution
  version: 83389a148052d74ac602f5f1d62f86ff2f3c4aa5
  subpackages:
  - digestset
  - reference
- name: github.com/docker/docker
  version: cbde00b44273a584bed2ee3513db68924b4a6dba
  subpackages:
  - api
  - api/types
  - api/types/blkiodev
  - api/types/container
  - api/types/events
  - api/types/filters
  - api/types/image
  - api/types/mount
  - api/types/network
  - api/types/registry
  - api/types/strslice
  - api/types/swarm
  - api/types/swarm/runtime
  - api/types/time
  - api/types/versions
  - api/types/volume
  - client
- name: github.com/docker/go-connections
  version: 3ede32e2033de7505e6500d6c868c2b9ed9f169d
  subpackages:
  - nat
  - sockets
  - tlsconfig
- name: github.com/docker/go-units
  version: 47565b4f722fb6ceae66b95f853feed578a4a51c
- name: github.com/fatih/color
  version: 507f6050b8568533fb3f5504de8e5205fa62a114
- name: github.com/gogo/protobuf
  version: 1ef32a8b9fc3f8ec940126907cedb5998f6318e4
  subpackages:
  - proto
- name: github.com/hashicorp/errwrap
  version: 7554cd9344cec97297fa6649b055a8c98c2a1e55
- name: github.com/hashicorp/go-multierror
  version: b7773ae218740a7be65057fc60b366a49b538a44
- name: github.com/mattn/go-colorable
  version: efa589957cd060542a26d2dd7832fd6a6c6c3ade
- name: github.com/mattn/go-isatty
  version: 6ca4dbf54d38eea1a992b3c722a76a5d1c4cb25c
- name: github.com/Microsoft/go-winio
  version: 7da180ee92d8bd8bb8c37fc560e673e6557c392f
- name: github.com/mitchellh/cli
  version: c54c85e9bd492bdba226ffdda55d4e293b79f8e8
- name: github.com/opencontainers/go-digest
  version: 279bed98673dd5bef374d3b6e4b09e2af76183bf
- name: github.com/opencontainers/image-spec
  version: 8e82844449a093ef49d824afad963a5e0a76b63b
  subpackages:
  - specs-go
  - specs-go/v1
- name: github.com/pkg/errors
  version: 645ef00459ed84a119197bfb8d8205042c6df63d
- name: github.com/posener/complete
  version: 98eb9847f27ba2008d380a32c98be474dea55bdf
  subpackages:
  - cmd
  - cmd/install
  - match
- name: github.com/rs/zerolog
  version: 05eafee0eb17d0150591a8f30f0fa592cc9b7471
  subpackages:
  - internal/cbor
  - internal/json
  - log
- name: github.com/xanzy/go-cloudstack
  version: 3934d17bfafbc810e8f60b3a8168ab9d9e7c2740
  subpackages:
  - cloudstack
- name: golang.org/x/net
  version: 61147c48b25b599e5b561d2e9c4f3e1ef489ca41
  subpackages:
  - context
  - context/ctxhttp
  - internal/socks
  - proxy
- name: golang.org/x/sys
  version: 3b87a42e500a6dc65dae1a55d0b641295971163e
  subpackages:
  - unix
  - windows
testImports: []
